
Microsoft Visual Studio Solution File, Format Version 12.00
# Visual Studio Version 17
VisualStudioVersion = 17.0.32112.339
MinimumVisualStudioVersion = 10.0.40219.1
Project("{9A19103F-16F7-4668-BE54-9A1E7A4F7556}") = "OnlineCourse.Data", "OnlineCourse.Data\OnlineCourse.Data.csproj", "{C8D172B6-22AE-453F-83F1-C5BF1692AE1F}"
EndProject
Project("{FAE04EC0-301F-11D3-BF4B-00C04F79EFBC}") = "OnlineCourse.API", "OnlineCourse.API\OnlineCourse.API.csproj", "{8320188C-F277-44A1-B147-C4165378100E}"
EndProject
Global
	GlobalSection(SolutionConfigurationPlatforms) = preSolution
		Debug|Any CPU = Debug|Any CPU
		Release|Any CPU = Release|Any CPU
	EndGlobalSection
	GlobalSection(ProjectConfigurationPlatforms) = postSolution
		{C8D172B6-22AE-453F-83F1-C5BF1692AE1F}.Debug|Any CPU.ActiveCfg = Debug|Any CPU
		{C8D172B6-22AE-453F-83F1-C5BF1692AE1F}.Debug|Any CPU.Build.0 = Debug|Any CPU
		{C8D172B6-22AE-453F-83F1-C5BF1692AE1F}.Release|Any CPU.ActiveCfg = Release|Any CPU
		{C8D172B6-22AE-453F-83F1-C5BF1692AE1F}.Release|Any CPU.Build.0 = Release|Any CPU
		{8320188C-F277-44A1-B147-C4165378100E}.Debug|Any CPU.ActiveCfg = Debug|Any CPU
		{8320188C-F277-44A1-B147-C4165378100E}.Debug|Any CPU.Build.0 = Debug|Any CPU
		{8320188C-F277-44A1-B147-C4165378100E}.Release|Any CPU.ActiveCfg = Release|Any CPU
		{8320188C-F277-44A1-B147-C4165378100E}.Release|Any CPU.Build.0 = Release|Any CPU
	EndGlobalSection
	GlobalSection(SolutionProperties) = preSolution
		HideSolutionNode = FALSE
	EndGlobalSection
	GlobalSection(ExtensibilityGlobals) = postSolution
		SolutionGuid = {84C8CF68-96F5-44A1-AB3F-FCEED7219F8C}
	EndGlobalSection
EndGlobal
